
Microsoft Visual Studio Solution File, Format Version 12.00
# Visual Studio 14
VisualStudioVersion = 14.0.25123.0
MinimumVisualStudioVersion = 10.0.40219.1
Project("{FAE04EC0-301F-11D3-BF4B-00C04F79EFBC}") = "GroupManagement", "GroupManagement\GroupManagement.csproj", "{1DC958EF-A29B-441B-9159-53391901E9E0}"
EndProject
Project("{FAE04EC0-301F-11D3-BF4B-00C04F79EFBC}") = "GitLabManagement", "GitLabManagement\GitLabManagement.csproj", "{8F33722E-016A-4E07-845C-8F15C0607EC2}"
EndProject
Project("{FAE04EC0-301F-11D3-BF4B-00C04F79EFBC}") = "ManageGroups", "ManageGroups\ManageGroups.csproj", "{793F17E3-E736-4CDE-B4BD-284723F6F8CF}"
EndProject
Global
	GlobalSection(SolutionConfigurationPlatforms) = preSolution
		Debug|Any CPU = Debug|Any CPU
		Release|Any CPU = Release|Any CPU
	EndGlobalSection
	GlobalSection(ProjectConfigurationPlatforms) = postSolution
		{1DC958EF-A29B-441B-9159-53391901E9E0}.Debug|Any CPU.ActiveCfg = Debug|Any CPU
		{1DC958EF-A29B-441B-9159-53391901E9E0}.Debug|Any CPU.Build.0 = Debug|Any CPU
		{1DC958EF-A29B-441B-9159-53391901E9E0}.Release|Any CPU.ActiveCfg = Release|Any CPU
		{1DC958EF-A29B-441B-9159-53391901E9E0}.Release|Any CPU.Build.0 = Release|Any CPU
		{8F33722E-016A-4E07-845C-8F15C0607EC2}.Debug|Any CPU.ActiveCfg = Debug|Any CPU
		{8F33722E-016A-4E07-845C-8F15C0607EC2}.Debug|Any CPU.Build.0 = Debug|Any CPU
		{8F33722E-016A-4E07-845C-8F15C0607EC2}.Release|Any CPU.ActiveCfg = Release|Any CPU
		{8F33722E-016A-4E07-845C-8F15C0607EC2}.Release|Any CPU.Build.0 = Release|Any CPU
		{793F17E3-E736-4CDE-B4BD-284723F6F8CF}.Debug|Any CPU.ActiveCfg = Debug|Any CPU
		{793F17E3-E736-4CDE-B4BD-284723F6F8CF}.Debug|Any CPU.Build.0 = Debug|Any CPU
		{793F17E3-E736-4CDE-B4BD-284723F6F8CF}.Release|Any CPU.ActiveCfg = Release|Any CPU
		{793F17E3-E736-4CDE-B4BD-284723F6F8CF}.Release|Any CPU.Build.0 = Release|Any CPU
	EndGlobalSection
	GlobalSection(SolutionProperties) = preSolution
		HideSolutionNode = FALSE
	EndGlobalSection
EndGlobal
